
Microsoft Visual Studio Solution File, Format Version 12.00
# Visual Studio Version 17
VisualStudioVersion = 17.0.31903.59
MinimumVisualStudioVersion = 10.0.40219.1
Project("{2150E333-8FDC-42A3-9474-1A3956D46DE8}") = "src", "src", "{0442AA44-EA97-4F69-A8E7-DC1A1FECB8BE}"
EndProject
Project("{2150E333-8FDC-42A3-9474-1A3956D46DE8}") = "backend", "backend", "{02C827DE-607D-40F1-8CB8-4E7F3F4843C9}"
EndProject
Project("{FAE04EC0-301F-11D3-BF4B-00C04F79EFBC}") = "Kairos.Domain", "src\backend\Kairos.Domain\Kairos.Domain.csproj", "{72E5304A-14F3-4876-AEB9-53F0EDA636CE}"
EndProject
Project("{FAE04EC0-301F-11D3-BF4B-00C04F79EFBC}") = "Kairos.Infrastructure", "src\backend\Kairos.Infrastructure\Kairos.Infrastructure.csproj", "{F5F862F9-FD91-43D3-8A97-5F81AA49FF6B}"
EndProject
Project("{FAE04EC0-301F-11D3-BF4B-00C04F79EFBC}") = "Kairos.Application", "src\backend\Kairos.Application\Kairos.Application.csproj", "{AF5938D0-8383-4DD6-B492-C95B5BE8D99D}"
EndProject
Project("{FAE04EC0-301F-11D3-BF4B-00C04F79EFBC}") = "Kairos.Presentation", "src\backend\Kairos.Presentation\Kairos.Presentation.csproj", "{287EDA81-476F-402D-8B45-7822D9C9A094}"
EndProject
Global
	GlobalSection(SolutionConfigurationPlatforms) = preSolution
		Debug|Any CPU = Debug|Any CPU
		Release|Any CPU = Release|Any CPU
	EndGlobalSection
	GlobalSection(ProjectConfigurationPlatforms) = postSolution
		{72E5304A-14F3-4876-AEB9-53F0EDA636CE}.Debug|Any CPU.ActiveCfg = Debug|Any CPU
		{72E5304A-14F3-4876-AEB9-53F0EDA636CE}.Debug|Any CPU.Build.0 = Debug|Any CPU
		{72E5304A-14F3-4876-AEB9-53F0EDA636CE}.Release|Any CPU.ActiveCfg = Release|Any CPU
		{72E5304A-14F3-4876-AEB9-53F0EDA636CE}.Release|Any CPU.Build.0 = Release|Any CPU
		{F5F862F9-FD91-43D3-8A97-5F81AA49FF6B}.Debug|Any CPU.ActiveCfg = Debug|Any CPU
		{F5F862F9-FD91-43D3-8A97-5F81AA49FF6B}.Debug|Any CPU.Build.0 = Debug|Any CPU
		{F5F862F9-FD91-43D3-8A97-5F81AA49FF6B}.Release|Any CPU.ActiveCfg = Release|Any CPU
		{F5F862F9-FD91-43D3-8A97-5F81AA49FF6B}.Release|Any CPU.Build.0 = Release|Any CPU
		{AF5938D0-8383-4DD6-B492-C95B5BE8D99D}.Debug|Any CPU.ActiveCfg = Debug|Any CPU
		{AF5938D0-8383-4DD6-B492-C95B5BE8D99D}.Debug|Any CPU.Build.0 = Debug|Any CPU
		{AF5938D0-8383-4DD6-B492-C95B5BE8D99D}.Release|Any CPU.ActiveCfg = Release|Any CPU
		{AF5938D0-8383-4DD6-B492-C95B5BE8D99D}.Release|Any CPU.Build.0 = Release|Any CPU
		{287EDA81-476F-402D-8B45-7822D9C9A094}.Debug|Any CPU.ActiveCfg = Debug|Any CPU
		{287EDA81-476F-402D-8B45-7822D9C9A094}.Debug|Any CPU.Build.0 = Debug|Any CPU
		{287EDA81-476F-402D-8B45-7822D9C9A094}.Release|Any CPU.ActiveCfg = Release|Any CPU
		{287EDA81-476F-402D-8B45-7822D9C9A094}.Release|Any CPU.Build.0 = Release|Any CPU
	EndGlobalSection
	GlobalSection(SolutionProperties) = preSolution
		HideSolutionNode = FALSE
	EndGlobalSection
	GlobalSection(NestedProjects) = preSolution
		{02C827DE-607D-40F1-8CB8-4E7F3F4843C9} = {0442AA44-EA97-4F69-A8E7-DC1A1FECB8BE}
		{72E5304A-14F3-4876-AEB9-53F0EDA636CE} = {02C827DE-607D-40F1-8CB8-4E7F3F4843C9}
		{F5F862F9-FD91-43D3-8A97-5F81AA49FF6B} = {02C827DE-607D-40F1-8CB8-4E7F3F4843C9}
		{AF5938D0-8383-4DD6-B492-C95B5BE8D99D} = {02C827DE-607D-40F1-8CB8-4E7F3F4843C9}
		{287EDA81-476F-402D-8B45-7822D9C9A094} = {02C827DE-607D-40F1-8CB8-4E7F3F4843C9}
	EndGlobalSection
EndGlobal
